{
  "nodes": {
    "den": {
      "locked": {
        "lastModified": 1779919306,
        "narHash": "sha256-eo2Snm2hoYAq8MA7bfjnn8p36riLcpJDA74Fzx9gcsY=",
        "owner": "denful",
        "repo": "den",
        "rev": "fba67817bd16955e10ff158c9758874031af089c",
        "type": "github"
      },
      "original": {
        "owner": "denful",
        "repo": "den",
        "type": "github"
      }
    },
    "gen-schema": {
      "inputs": {
        "nixpkgs": [
          "nixpkgs"
        ]
      },
      "locked": {
        "lastModified": 1779986641,
        "narHash": "sha256-KcZuS+hpaloICFcepNXNLpbehh6XoPjWPBteYpTqMRw=",
        "owner": "sini",
        "repo": "gen-schema",
        "rev": "4bd0f6eb1799bf3c38eb3707419157b1f70eb1f5",
        "type": "github"
      },
      "original": {
        "owner": "sini",
        "repo": "gen-schema",
        "type": "github"
      }
    },
    "import-tree": {
      "locked": {
        "lastModified": 1778781969,
        "narHash": "sha256-Jjuz5CmSkur8KvLDoGa+vylEp+RkQtv4mt/qcMznpH0=",
        "owner": "vic",
        "repo": "import-tree",
        "rev": "d321337efd0f23a9eb14a42adb7b2c29313ab274",
        "type": "github"
      },
      "original": {
        "owner": "vic",
        "repo": "import-tree",
        "type": "github"
      }
    },
    "nixpkgs": {
      "locked": {
        "lastModified": 1779560665,
        "narHash": "sha256-NpH8iEQ5JHv/BtUuzTEXUMDxPLetCDzIv4OxL8H7Kps=",
        "rev": "64c08a7ca051951c8eae34e3e3cb1e202fe36786",
        "type": "tarball",
        "url": "https://releases.nixos.org/nixos/unstable/nixos-26.05pre1004030.64c08a7ca051/nixexprs.tar.xz?lastModified=1779560665&rev=64c08a7ca051951c8eae34e3e3cb1e202fe36786"
      },
      "original": {
        "type": "tarball",
        "url": "https://channels.nixos.org/nixos-unstable/nixexprs.tar.xz"
      }
    },
    "root": {
      "inputs": {
        "den": "den",
        "gen-schema": "gen-schema",
        "import-tree": "import-tree",
        "nixpkgs": "nixpkgs"
      }
    }
  },
  "root": "root",
  "version": 7
}
