{
  "nodes": {
    "den": {
      "locked": {
        "dirtyRev": "2826f70fb538cb0ea8eb183a2a489f29b51a43f9-dirty",
        "dirtyShortRev": "2826f70f-dirty",
        "lastModified": 1779389874,
        "narHash": "sha256-luSCdKJm50GWPrtpd5/erVAzJV+6fvTDgeIo0AC9/6E=",
        "type": "git",
        "url": "file:///home/sini/Documents/repos/den"
      },
      "original": {
        "path": "../..",
        "type": "path"
      }
    },
    "den-diagram": {
      "inputs": {
        "nixpkgs": "nixpkgs"
      },
      "locked": {
        "lastModified": 1779677237,
        "narHash": "sha256-ypUyht4Fw3yr2J/UWGF4Id3sbWv+0P6pmRKUqtXADbA=",
        "owner": "denful",
        "repo": "den-diagram",
        "rev": "d7600e00a128a538fab6457d71ffd3c4821163a4",
        "type": "github"
      },
      "original": {
        "owner": "denful",
        "ref": "feat/fleet-subtree-context",
        "repo": "den-diagram",
        "type": "github"
      }
    },
    "flake-parts": {
      "inputs": {
        "nixpkgs-lib": [
          "nixpkgs"
        ]
      },
      "locked": {
        "lastModified": 1778716662,
        "narHash": "sha256-m1Yf0wZ8j1OHjTc2UwHwyQRSnNeSgLJOd7q5Y45hzi4=",
        "owner": "hercules-ci",
        "repo": "flake-parts",
        "rev": "f7c1a2d347e4c52d5fb8d10cb4d94b5884e546fb",
        "type": "github"
      },
      "original": {
        "owner": "hercules-ci",
        "repo": "flake-parts",
        "type": "github"
      }
    },
    "home-manager": {
      "inputs": {
        "nixpkgs": [
          "nixpkgs"
        ]
      },
      "locked": {
        "lastModified": 1779336838,
        "narHash": "sha256-n1+l78hJRABp4cQHKeD0BVByT0vZLPqd09Tvoq8Q+d8=",
        "owner": "nix-community",
        "repo": "home-manager",
        "rev": "928d72376949e222ea4f07b44828a55b0136422e",
        "type": "github"
      },
      "original": {
        "owner": "nix-community",
        "repo": "home-manager",
        "type": "github"
      }
    },
    "import-tree": {
      "locked": {
        "lastModified": 1778781969,
        "narHash": "sha256-Jjuz5CmSkur8KvLDoGa+vylEp+RkQtv4mt/qcMznpH0=",
        "owner": "vic",
        "repo": "import-tree",
        "rev": "d321337efd0f23a9eb14a42adb7b2c29313ab274",
        "type": "github"
      },
      "original": {
        "owner": "vic",
        "repo": "import-tree",
        "type": "github"
      }
    },
    "nixpkgs": {
      "locked": {
        "lastModified": 1779259093,
        "narHash": "sha256-AyKVLJihBA4molWFBpbk2+ruMFlkL1ONA8eNShZithw=",
        "rev": "d99b013d5d1931ad77fe3912ed218170dec5d9a4",
        "type": "tarball",
        "url": "https://releases.nixos.org/nixpkgs/nixpkgs-26.05pre1001117.d99b013d5d19/nixexprs.tar.xz?lastModified=1779259093&rev=d99b013d5d1931ad77fe3912ed218170dec5d9a4"
      },
      "original": {
        "type": "tarball",
        "url": "https://channels.nixos.org/nixpkgs-unstable/nixexprs.tar.xz"
      }
    },
    "nixpkgs_2": {
      "locked": {
        "lastModified": 1779259093,
        "narHash": "sha256-AyKVLJihBA4molWFBpbk2+ruMFlkL1ONA8eNShZithw=",
        "rev": "d99b013d5d1931ad77fe3912ed218170dec5d9a4",
        "type": "tarball",
        "url": "https://releases.nixos.org/nixpkgs/nixpkgs-26.05pre1001117.d99b013d5d19/nixexprs.tar.xz?lastModified=1779259093&rev=d99b013d5d1931ad77fe3912ed218170dec5d9a4"
      },
      "original": {
        "type": "tarball",
        "url": "https://channels.nixos.org/nixpkgs-unstable/nixexprs.tar.xz"
      }
    },
    "root": {
      "inputs": {
        "den": "den",
        "den-diagram": "den-diagram",
        "flake-parts": "flake-parts",
        "home-manager": "home-manager",
        "import-tree": "import-tree",
        "nixpkgs": "nixpkgs_2"
      }
    }
  },
  "root": "root",
  "version": 7
}
